
Microsoft Visual Studio Solution File, Format Version 12.00
# Visual Studio 15
VisualStudioVersion = 15.0.26430.16
MinimumVisualStudioVersion = 10.0.40219.1
Project("{8BC9CEB8-8B4A-11D0-8D11-00A0C91BC942}") = "SparseGridCollocation", "SparseGridCollocation\SparseGridCollocation.vcxproj", "{BE8725FB-C8B4-4B68-8680-8D69DF6F3A9C}"
EndProject
Project("{2150E333-8FDC-42A3-9474-1A3956D46DE8}") = "Solution Items", "Solution Items", "{4F30216C-C3F2-466C-917B-6B28B0335E88}"
	ProjectSection(SolutionItems) = preProject
		SparseGridCollocation\SmoothInitialU.txt = SparseGridCollocation\SmoothInitialU.txt
		SparseGridCollocation\SmoothInitialX.txt = SparseGridCollocation\SmoothInitialX.txt
	EndProjectSection
EndProject
Project("{8BC9CEB8-8B4A-11D0-8D11-00A0C91BC942}") = "UnitTest", "UnitTest\UnitTest.vcxproj", "{FB951FF5-4BFD-4670-967D-64E235985F88}"
EndProject
Project("{8BC9CEB8-8B4A-11D0-8D11-00A0C91BC942}") = "TestHarness", "TestHarness\TestHarness.vcxproj", "{75C042CB-4DF5-4192-A2BB-ED4F6B4C286A}"
EndProject
Project("{2150E333-8FDC-42A3-9474-1A3956D46DE8}") = "Documents", "Documents", "{A83DC707-3CB8-46BA-8B2E-62B8625F3422}"
	ProjectSection(SolutionItems) = preProject
		Documents\OpenQuestions.txt = Documents\OpenQuestions.txt
		Documents\Quick Start Guide SparseGridCollocation.docx = Documents\Quick Start Guide SparseGridCollocation.docx
	EndProjectSection
EndProject
Project("{8BC9CEB8-8B4A-11D0-8D11-00A0C91BC942}") = "TestData", "TestData\TestData.vcxproj", "{E407DF11-34D1-4EC2-9493-5BFFA9AE9764}"
EndProject
Project("{8BC9CEB8-8B4A-11D0-8D11-00A0C91BC942}") = "Common", "Common\Common.vcxproj", "{87F0FD5E-85C9-4944-A7AF-2BCAE1CE165B}"
EndProject
Project("{2150E333-8FDC-42A3-9474-1A3956D46DE8}") = "MatLab", "MatLab", "{1F3F6064-1096-4EC0-BA33-344E5D5A8FEE}"
	ProjectSection(SolutionItems) = preProject
		Matlab\Readme.txt = Matlab\Readme.txt
	EndProjectSection
EndProject
Project("{2150E333-8FDC-42A3-9474-1A3956D46DE8}") = "Black Scholes", "Black Scholes", "{50620F68-30A2-4D3C-B40D-A4FE8873E4E6}"
EndProject
Project("{2150E333-8FDC-42A3-9474-1A3956D46DE8}") = "1 Asset", "1 Asset", "{7376ACAD-B7B8-4599-A72B-F8B9E3E81FB1}"
EndProject
Project("{2150E333-8FDC-42A3-9474-1A3956D46DE8}") = "MOL to find an earlier time", "MOL to find an earlier time", "{943F4990-C6CD-41F1-9121-11C83EA79454}"
	ProjectSection(SolutionItems) = preProject
		Matlab\Black Scholes\1 Asset\MOL to find an earlier time\ECP.m = Matlab\Black Scholes\1 Asset\MOL to find an earlier time\ECP.m
		Matlab\Black Scholes\1 Asset\MOL to find an earlier time\Eurocalloption1D.m = Matlab\Black Scholes\1 Asset\MOL to find an earlier time\Eurocalloption1D.m
		Matlab\Black Scholes\1 Asset\MOL to find an earlier time\mq2d.m = Matlab\Black Scholes\1 Asset\MOL to find an earlier time\mq2d.m
		Matlab\Black Scholes\1 Asset\MOL to find an earlier time\plotVGS.m = Matlab\Black Scholes\1 Asset\MOL to find an earlier time\plotVGS.m
		Matlab\Black Scholes\1 Asset\MOL to find an earlier time\Smoothinitial.mat = Matlab\Black Scholes\1 Asset\MOL to find an earlier time\Smoothinitial.mat
		Matlab\Black Scholes\1 Asset\MOL to find an earlier time\To_get_ini.m = Matlab\Black Scholes\1 Asset\MOL to find an earlier time\To_get_ini.m
	EndProjectSection
EndProject
Project("{2150E333-8FDC-42A3-9474-1A3956D46DE8}") = "sparse grid collocation", "sparse grid collocation", "{6231745F-5776-4B36-8586-3C9843516800}"
	ProjectSection(SolutionItems) = preProject
		Matlab\Black Scholes\1 Asset\sparse grid collocation\cfigure.m = Matlab\Black Scholes\1 Asset\sparse grid collocation\cfigure.m
		Matlab\Black Scholes\1 Asset\sparse grid collocation\cMuSIK.m = Matlab\Black Scholes\1 Asset\sparse grid collocation\cMuSIK.m
		Matlab\Black Scholes\1 Asset\sparse grid collocation\cSIK.m = Matlab\Black Scholes\1 Asset\sparse grid collocation\cSIK.m
		Matlab\Black Scholes\1 Asset\sparse grid collocation\ECP.m = Matlab\Black Scholes\1 Asset\sparse grid collocation\ECP.m
		Matlab\Black Scholes\1 Asset\sparse grid collocation\inner_test.m = Matlab\Black Scholes\1 Asset\sparse grid collocation\inner_test.m
		Matlab\Black Scholes\1 Asset\sparse grid collocation\inter_test.m = Matlab\Black Scholes\1 Asset\sparse grid collocation\inter_test.m
		Matlab\Black Scholes\1 Asset\sparse grid collocation\interplant.m = Matlab\Black Scholes\1 Asset\sparse grid collocation\interplant.m
		Matlab\Black Scholes\1 Asset\sparse grid collocation\interplant_1.m = Matlab\Black Scholes\1 Asset\sparse grid collocation\interplant_1.m
		Matlab\Black Scholes\1 Asset\sparse grid collocation\interplant_10.m = Matlab\Black Scholes\1 Asset\sparse grid collocation\interplant_10.m
		Matlab\Black Scholes\1 Asset\sparse grid collocation\interplant_11.m = Matlab\Black Scholes\1 Asset\sparse grid collocation\interplant_11.m
		Matlab\Black Scholes\1 Asset\sparse grid collocation\interplant_2.m = Matlab\Black Scholes\1 Asset\sparse grid collocation\interplant_2.m
		Matlab\Black Scholes\1 Asset\sparse grid collocation\interplant_3.m = Matlab\Black Scholes\1 Asset\sparse grid collocation\interplant_3.m
		Matlab\Black Scholes\1 Asset\sparse grid collocation\interplant_4.m = Matlab\Black Scholes\1 Asset\sparse grid collocation\interplant_4.m
		Matlab\Black Scholes\1 Asset\sparse grid collocation\interplant_5.m = Matlab\Black Scholes\1 Asset\sparse grid collocation\interplant_5.m
		Matlab\Black Scholes\1 Asset\sparse grid collocation\interplant_6.m = Matlab\Black Scholes\1 Asset\sparse grid collocation\interplant_6.m
		Matlab\Black Scholes\1 Asset\sparse grid collocation\interplant_7.m = Matlab\Black Scholes\1 Asset\sparse grid collocation\interplant_7.m
		Matlab\Black Scholes\1 Asset\sparse grid collocation\interplant_8.m = Matlab\Black Scholes\1 Asset\sparse grid collocation\interplant_8.m
		Matlab\Black Scholes\1 Asset\sparse grid collocation\interplant_9.m = Matlab\Black Scholes\1 Asset\sparse grid collocation\interplant_9.m
		Matlab\Black Scholes\1 Asset\sparse grid collocation\mq2d.m = Matlab\Black Scholes\1 Asset\sparse grid collocation\mq2d.m
		Matlab\Black Scholes\1 Asset\sparse grid collocation\nodesnumber.m = Matlab\Black Scholes\1 Asset\sparse grid collocation\nodesnumber.m
		Matlab\Black Scholes\1 Asset\sparse grid collocation\PDE.m = Matlab\Black Scholes\1 Asset\sparse grid collocation\PDE.m
		Matlab\Black Scholes\1 Asset\sparse grid collocation\PPP.m = Matlab\Black Scholes\1 Asset\sparse grid collocation\PPP.m
		Matlab\Black Scholes\1 Asset\sparse grid collocation\shapelambda2D.m = Matlab\Black Scholes\1 Asset\sparse grid collocation\shapelambda2D.m
		Matlab\Black Scholes\1 Asset\sparse grid collocation\shapelambda2D_1.m = Matlab\Black Scholes\1 Asset\sparse grid collocation\shapelambda2D_1.m
		Matlab\Black Scholes\1 Asset\sparse grid collocation\shapelambda2D_10.m = Matlab\Black Scholes\1 Asset\sparse grid collocation\shapelambda2D_10.m
		Matlab\Black Scholes\1 Asset\sparse grid collocation\shapelambda2D_11.m = Matlab\Black Scholes\1 Asset\sparse grid collocation\shapelambda2D_11.m
		Matlab\Black Scholes\1 Asset\sparse grid collocation\shapelambda2D_2.m = Matlab\Black Scholes\1 Asset\sparse grid collocation\shapelambda2D_2.m
		Matlab\Black Scholes\1 Asset\sparse grid collocation\shapelambda2D_3.m = Matlab\Black Scholes\1 Asset\sparse grid collocation\shapelambda2D_3.m
		Matlab\Black Scholes\1 Asset\sparse grid collocation\shapelambda2D_4.m = Matlab\Black Scholes\1 Asset\sparse grid collocation\shapelambda2D_4.m
		Matlab\Black Scholes\1 Asset\sparse grid collocation\shapelambda2D_5.m = Matlab\Black Scholes\1 Asset\sparse grid collocation\shapelambda2D_5.m
		Matlab\Black Scholes\1 Asset\sparse grid collocation\shapelambda2D_6.m = Matlab\Black Scholes\1 Asset\sparse grid collocation\shapelambda2D_6.m
		Matlab\Black Scholes\1 Asset\sparse grid collocation\shapelambda2D_7.m = Matlab\Black Scholes\1 Asset\sparse grid collocation\shapelambda2D_7.m
		Matlab\Black Scholes\1 Asset\sparse grid collocation\shapelambda2D_8.m = Matlab\Black Scholes\1 Asset\sparse grid collocation\shapelambda2D_8.m
		Matlab\Black Scholes\1 Asset\sparse grid collocation\shapelambda2D_9.m = Matlab\Black Scholes\1 Asset\sparse grid collocation\shapelambda2D_9.m
		Matlab\Black Scholes\1 Asset\sparse grid collocation\Smoothinitial.mat = Matlab\Black Scholes\1 Asset\sparse grid collocation\Smoothinitial.mat
		Matlab\Black Scholes\1 Asset\sparse grid collocation\Smoothinitial1.mat = Matlab\Black Scholes\1 Asset\sparse grid collocation\Smoothinitial1.mat
		Matlab\Black Scholes\1 Asset\sparse grid collocation\subnumber.m = Matlab\Black Scholes\1 Asset\sparse grid collocation\subnumber.m
	EndProjectSection
EndProject
Project("{2150E333-8FDC-42A3-9474-1A3956D46DE8}") = "N Assets", "N Assets", "{10F1A420-F59B-4008-93E5-EBC9E85CAC20}"
EndProject
Project("{2150E333-8FDC-42A3-9474-1A3956D46DE8}") = "MOL to find an earlier time", "MOL to find an earlier time", "{B172E9E5-8ECB-44F2-B132-125A7C767A39}"
	ProjectSection(SolutionItems) = preProject
		Matlab\Black Scholes\N Assets\MOL to find an earlier time\CartesianProduct.m = Matlab\Black Scholes\N Assets\MOL to find an earlier time\CartesianProduct.m
		Matlab\Black Scholes\N Assets\MOL to find an earlier time\DiffN.m = Matlab\Black Scholes\N Assets\MOL to find an earlier time\DiffN.m
		Matlab\Black Scholes\N Assets\MOL to find an earlier time\ECP.m = Matlab\Black Scholes\N Assets\MOL to find an earlier time\ECP.m
		Matlab\Black Scholes\N Assets\MOL to find an earlier time\EuroCallBasket.m = Matlab\Black Scholes\N Assets\MOL to find an earlier time\EuroCallBasket.m
		Matlab\Black Scholes\N Assets\MOL to find an earlier time\mqnd.m = Matlab\Black Scholes\N Assets\MOL to find an earlier time\mqnd.m
		Matlab\Black Scholes\N Assets\MOL to find an earlier time\PayoffFunction.m = Matlab\Black Scholes\N Assets\MOL to find an earlier time\PayoffFunction.m
		Matlab\Black Scholes\N Assets\MOL to find an earlier time\PayoffS.m = Matlab\Black Scholes\N Assets\MOL to find an earlier time\PayoffS.m
		Matlab\Black Scholes\N Assets\MOL to find an earlier time\plotVGS.m = Matlab\Black Scholes\N Assets\MOL to find an earlier time\plotVGS.m
		Matlab\Black Scholes\N Assets\MOL to find an earlier time\SetupBasket.m = Matlab\Black Scholes\N Assets\MOL to find an earlier time\SetupBasket.m
		Matlab\Black Scholes\N Assets\MOL to find an earlier time\TakeMeans.m = Matlab\Black Scholes\N Assets\MOL to find an earlier time\TakeMeans.m
		Matlab\Black Scholes\N Assets\MOL to find an earlier time\To_get_ini.m = Matlab\Black Scholes\N Assets\MOL to find an earlier time\To_get_ini.m
		Matlab\Black Scholes\N Assets\MOL to find an earlier time\WriteAllTestToFile.m = Matlab\Black Scholes\N Assets\MOL to find an earlier time\WriteAllTestToFile.m
		Matlab\Black Scholes\N Assets\MOL to find an earlier time\WriteAllToFile.m = Matlab\Black Scholes\N Assets\MOL to find an earlier time\WriteAllToFile.m
	EndProjectSection
EndProject
Project("{8BC9CEB8-8B4A-11D0-8D11-00A0C91BC942}") = "CudaLib", "CudaLib\CudaLib.vcxproj", "{3397B60D-EEDD-48DE-8C0B-45ED96DCCA57}"
EndProject
Project("{2150E333-8FDC-42A3-9474-1A3956D46DE8}") = "Dissertation", "Dissertation", "{126C2F95-BB15-4A09-8BC3-0DD4DCA497C5}"
	ProjectSection(SolutionItems) = preProject
		..\Dissertation\latex_macros.tex = ..\Dissertation\latex_macros.tex
		..\Dissertation\MuSiKc_Dissertation.tex = ..\Dissertation\MuSiKc_Dissertation.tex
	EndProjectSection
EndProject
Global
	GlobalSection(SolutionConfigurationPlatforms) = preSolution
		Debug|x64 = Debug|x64
		Debug|x86 = Debug|x86
		Release|x64 = Release|x64
		Release|x86 = Release|x86
	EndGlobalSection
	GlobalSection(ProjectConfigurationPlatforms) = postSolution
		{BE8725FB-C8B4-4B68-8680-8D69DF6F3A9C}.Debug|x64.ActiveCfg = Debug|x64
		{BE8725FB-C8B4-4B68-8680-8D69DF6F3A9C}.Debug|x64.Build.0 = Debug|x64
		{BE8725FB-C8B4-4B68-8680-8D69DF6F3A9C}.Debug|x86.ActiveCfg = Debug|Win32
		{BE8725FB-C8B4-4B68-8680-8D69DF6F3A9C}.Debug|x86.Build.0 = Debug|Win32
		{BE8725FB-C8B4-4B68-8680-8D69DF6F3A9C}.Release|x64.ActiveCfg = Release|x64
		{BE8725FB-C8B4-4B68-8680-8D69DF6F3A9C}.Release|x64.Build.0 = Release|x64
		{BE8725FB-C8B4-4B68-8680-8D69DF6F3A9C}.Release|x86.ActiveCfg = Release|Win32
		{BE8725FB-C8B4-4B68-8680-8D69DF6F3A9C}.Release|x86.Build.0 = Release|Win32
		{FB951FF5-4BFD-4670-967D-64E235985F88}.Debug|x64.ActiveCfg = Debug|x64
		{FB951FF5-4BFD-4670-967D-64E235985F88}.Debug|x64.Build.0 = Debug|x64
		{FB951FF5-4BFD-4670-967D-64E235985F88}.Debug|x86.ActiveCfg = Debug|Win32
		{FB951FF5-4BFD-4670-967D-64E235985F88}.Debug|x86.Build.0 = Debug|Win32
		{FB951FF5-4BFD-4670-967D-64E235985F88}.Release|x64.ActiveCfg = Release|x64
		{FB951FF5-4BFD-4670-967D-64E235985F88}.Release|x64.Build.0 = Release|x64
		{FB951FF5-4BFD-4670-967D-64E235985F88}.Release|x86.ActiveCfg = Release|Win32
		{FB951FF5-4BFD-4670-967D-64E235985F88}.Release|x86.Build.0 = Release|Win32
		{75C042CB-4DF5-4192-A2BB-ED4F6B4C286A}.Debug|x64.ActiveCfg = Debug|x64
		{75C042CB-4DF5-4192-A2BB-ED4F6B4C286A}.Debug|x64.Build.0 = Debug|x64
		{75C042CB-4DF5-4192-A2BB-ED4F6B4C286A}.Debug|x86.ActiveCfg = Debug|Win32
		{75C042CB-4DF5-4192-A2BB-ED4F6B4C286A}.Debug|x86.Build.0 = Debug|Win32
		{75C042CB-4DF5-4192-A2BB-ED4F6B4C286A}.Release|x64.ActiveCfg = Release|x64
		{75C042CB-4DF5-4192-A2BB-ED4F6B4C286A}.Release|x64.Build.0 = Release|x64
		{75C042CB-4DF5-4192-A2BB-ED4F6B4C286A}.Release|x86.ActiveCfg = Release|Win32
		{75C042CB-4DF5-4192-A2BB-ED4F6B4C286A}.Release|x86.Build.0 = Release|Win32
		{E407DF11-34D1-4EC2-9493-5BFFA9AE9764}.Debug|x64.ActiveCfg = Debug|x64
		{E407DF11-34D1-4EC2-9493-5BFFA9AE9764}.Debug|x64.Build.0 = Debug|x64
		{E407DF11-34D1-4EC2-9493-5BFFA9AE9764}.Debug|x86.ActiveCfg = Debug|Win32
		{E407DF11-34D1-4EC2-9493-5BFFA9AE9764}.Debug|x86.Build.0 = Debug|Win32
		{E407DF11-34D1-4EC2-9493-5BFFA9AE9764}.Release|x64.ActiveCfg = Release|x64
		{E407DF11-34D1-4EC2-9493-5BFFA9AE9764}.Release|x64.Build.0 = Release|x64
		{E407DF11-34D1-4EC2-9493-5BFFA9AE9764}.Release|x86.ActiveCfg = Release|Win32
		{E407DF11-34D1-4EC2-9493-5BFFA9AE9764}.Release|x86.Build.0 = Release|Win32
		{87F0FD5E-85C9-4944-A7AF-2BCAE1CE165B}.Debug|x64.ActiveCfg = Debug|x64
		{87F0FD5E-85C9-4944-A7AF-2BCAE1CE165B}.Debug|x64.Build.0 = Debug|x64
		{87F0FD5E-85C9-4944-A7AF-2BCAE1CE165B}.Debug|x86.ActiveCfg = Debug|Win32
		{87F0FD5E-85C9-4944-A7AF-2BCAE1CE165B}.Debug|x86.Build.0 = Debug|Win32
		{87F0FD5E-85C9-4944-A7AF-2BCAE1CE165B}.Release|x64.ActiveCfg = Release|x64
		{87F0FD5E-85C9-4944-A7AF-2BCAE1CE165B}.Release|x64.Build.0 = Release|x64
		{87F0FD5E-85C9-4944-A7AF-2BCAE1CE165B}.Release|x86.ActiveCfg = Release|Win32
		{87F0FD5E-85C9-4944-A7AF-2BCAE1CE165B}.Release|x86.Build.0 = Release|Win32
		{3397B60D-EEDD-48DE-8C0B-45ED96DCCA57}.Debug|x64.ActiveCfg = Debug|x64
		{3397B60D-EEDD-48DE-8C0B-45ED96DCCA57}.Debug|x64.Build.0 = Debug|x64
		{3397B60D-EEDD-48DE-8C0B-45ED96DCCA57}.Debug|x86.ActiveCfg = Debug|Win32
		{3397B60D-EEDD-48DE-8C0B-45ED96DCCA57}.Debug|x86.Build.0 = Debug|Win32
		{3397B60D-EEDD-48DE-8C0B-45ED96DCCA57}.Release|x64.ActiveCfg = Release|x64
		{3397B60D-EEDD-48DE-8C0B-45ED96DCCA57}.Release|x64.Build.0 = Release|x64
		{3397B60D-EEDD-48DE-8C0B-45ED96DCCA57}.Release|x86.ActiveCfg = Release|Win32
		{3397B60D-EEDD-48DE-8C0B-45ED96DCCA57}.Release|x86.Build.0 = Release|Win32
	EndGlobalSection
	GlobalSection(SolutionProperties) = preSolution
		HideSolutionNode = FALSE
	EndGlobalSection
	GlobalSection(NestedProjects) = preSolution
		{A83DC707-3CB8-46BA-8B2E-62B8625F3422} = {4F30216C-C3F2-466C-917B-6B28B0335E88}
		{1F3F6064-1096-4EC0-BA33-344E5D5A8FEE} = {4F30216C-C3F2-466C-917B-6B28B0335E88}
		{50620F68-30A2-4D3C-B40D-A4FE8873E4E6} = {1F3F6064-1096-4EC0-BA33-344E5D5A8FEE}
		{7376ACAD-B7B8-4599-A72B-F8B9E3E81FB1} = {50620F68-30A2-4D3C-B40D-A4FE8873E4E6}
		{943F4990-C6CD-41F1-9121-11C83EA79454} = {7376ACAD-B7B8-4599-A72B-F8B9E3E81FB1}
		{6231745F-5776-4B36-8586-3C9843516800} = {7376ACAD-B7B8-4599-A72B-F8B9E3E81FB1}
		{10F1A420-F59B-4008-93E5-EBC9E85CAC20} = {50620F68-30A2-4D3C-B40D-A4FE8873E4E6}
		{B172E9E5-8ECB-44F2-B132-125A7C767A39} = {10F1A420-F59B-4008-93E5-EBC9E85CAC20}
		{126C2F95-BB15-4A09-8BC3-0DD4DCA497C5} = {4F30216C-C3F2-466C-917B-6B28B0335E88}
	EndGlobalSection
EndGlobal
